
Microsoft Visual Studio Solution File, Format Version 12.00
# Visual Studio Version 17
VisualStudioVersion = 17.1.32421.90
MinimumVisualStudioVersion = 10.0.40219.1
Project("{FAE04EC0-301F-11D3-BF4B-00C04F79EFBC}") = "Speedup website", "Speedup website.csproj", "{5FA65151-9B29-417E-BA46-4C780C83036D}"
EndProject
Global
	GlobalSection(SolutionConfigurationPlatforms) = preSolution
		Debug|Any CPU = Debug|Any CPU
		Release|Any CPU = Release|Any CPU
	EndGlobalSection
	GlobalSection(ProjectConfigurationPlatforms) = postSolution
		{5FA65151-9B29-417E-BA46-4C780C83036D}.Debug|Any CPU.ActiveCfg = Debug|Any CPU
		{5FA65151-9B29-417E-BA46-4C780C83036D}.Debug|Any CPU.Build.0 = Debug|Any CPU
		{5FA65151-9B29-417E-BA46-4C780C83036D}.Release|Any CPU.ActiveCfg = Release|Any CPU
		{5FA65151-9B29-417E-BA46-4C780C83036D}.Release|Any CPU.Build.0 = Release|Any CPU
	EndGlobalSection
	GlobalSection(SolutionProperties) = preSolution
		HideSolutionNode = FALSE
	EndGlobalSection
	GlobalSection(ExtensibilityGlobals) = postSolution
		SolutionGuid = {7A9AC260-4F07-4ED0-ADAA-8F5ABD5E4121}
	EndGlobalSection
EndGlobal
